
Microsoft Visual Studio Solution File, Format Version 12.00
# Visual Studio Version 17
VisualStudioVersion = 17.3.32929.385
MinimumVisualStudioVersion = 10.0.40219.1
Project("{8BC9CEB8-8B4A-11D0-8D11-00A0C91BC942}") = "Snotify", "Snotify\Snotify.vcxproj", "{D009C268-CA50-45B7-AAE1-2CE1BAECE98E}"
EndProject
Global
	GlobalSection(SolutionConfigurationPlatforms) = preSolution
		Debug|x64 = Debug|x64
		Debug|x86 = Debug|x86
		Release|x64 = Release|x64
		Release|x86 = Release|x86
	EndGlobalSection
	GlobalSection(ProjectConfigurationPlatforms) = postSolution
		{D009C268-CA50-45B7-AAE1-2CE1BAECE98E}.Debug|x64.ActiveCfg = Debug|x64
		{D009C268-CA50-45B7-AAE1-2CE1BAECE98E}.Debug|x64.Build.0 = Debug|x64
		{D009C268-CA50-45B7-AAE1-2CE1BAECE98E}.Debug|x86.ActiveCfg = Debug|Win32
		{D009C268-CA50-45B7-AAE1-2CE1BAECE98E}.Debug|x86.Build.0 = Debug|Win32
		{D009C268-CA50-45B7-AAE1-2CE1BAECE98E}.Release|x64.ActiveCfg = Release|x64
		{D009C268-CA50-45B7-AAE1-2CE1BAECE98E}.Release|x64.Build.0 = Release|x64
		{D009C268-CA50-45B7-AAE1-2CE1BAECE98E}.Release|x86.ActiveCfg = Release|Win32
		{D009C268-CA50-45B7-AAE1-2CE1BAECE98E}.Release|x86.Build.0 = Release|Win32
	EndGlobalSection
	GlobalSection(SolutionProperties) = preSolution
		HideSolutionNode = FALSE
	EndGlobalSection
	GlobalSection(ExtensibilityGlobals) = postSolution
		SolutionGuid = {E7B77A4F-BC62-48B2-8B02-FEF8E581E5E1}
	EndGlobalSection
EndGlobal
